
Microsoft Visual Studio Solution File, Format Version 12.00
Project("{2150E333-8FDC-42A3-9474-1A3956D46DE8}") = "Solution Items", "Solution Items", "{9045723C-0A5B-4329-93D5-F60D9A7EA7A3}"
	ProjectSection(SolutionItems) = preProject
		.gitignore = .gitignore
		
		README.md = README.md
		
		Elegance.props = Elegance.props
		
		.github/workflows/publish.yml = .github/workflows/publish.yml
	EndProjectSection
EndProject
Project("{FAE04EC0-301F-11D3-BF4B-00C04F79EFBC}") = "Elegance.Json", "Elegance.Json\Elegance.Json.csproj", "{5AF62E4A-0536-48C2-A2B5-794D3936A40B}"
EndProject
Project("{FAE04EC0-301F-11D3-BF4B-00C04F79EFBC}") = "Elegance.Examples", "Elegance.Examples\Elegance.Examples.csproj", "{58B79EF1-93AA-4856-B71D-8D8BDE519129}"
EndProject
Project("{FAE04EC0-301F-11D3-BF4B-00C04F79EFBC}") = "Elegance.Json.Extensions", "Elegance.Json.Extensions\Elegance.Json.Extensions.csproj", "{186A9320-91BD-4736-A7D6-E8781D9AE677}"
EndProject
Project("{FAE04EC0-301F-11D3-BF4B-00C04F79EFBC}") = "Elegance.Enums", "Elegance.Enums\Elegance.Enums.csproj", "{577A3679-D795-4713-99B9-8D47EA8AFAD8}"
EndProject
Project("{FAE04EC0-301F-11D3-BF4B-00C04F79EFBC}") = "Elegance.Icons", "Elegance.Icons\Elegance.Icons.csproj", "{BE00BD89-54F8-46C2-BD55-45BDA289261D}"
EndProject
Project("{FAE04EC0-301F-11D3-BF4B-00C04F79EFBC}") = "Elegance.AspNet", "Elegance.AspNet\Elegance.AspNet.csproj", "{2A5AADAE-291C-4721-B799-2366D4155604}"
EndProject
Global
	GlobalSection(SolutionConfigurationPlatforms) = preSolution
		Debug|Any CPU = Debug|Any CPU
		Release|Any CPU = Release|Any CPU
	EndGlobalSection
	GlobalSection(ProjectConfigurationPlatforms) = postSolution
		{5AF62E4A-0536-48C2-A2B5-794D3936A40B}.Debug|Any CPU.ActiveCfg = Debug|Any CPU
		{5AF62E4A-0536-48C2-A2B5-794D3936A40B}.Debug|Any CPU.Build.0 = Debug|Any CPU
		{5AF62E4A-0536-48C2-A2B5-794D3936A40B}.Release|Any CPU.ActiveCfg = Release|Any CPU
		{5AF62E4A-0536-48C2-A2B5-794D3936A40B}.Release|Any CPU.Build.0 = Release|Any CPU
		{58B79EF1-93AA-4856-B71D-8D8BDE519129}.Debug|Any CPU.ActiveCfg = Debug|Any CPU
		{58B79EF1-93AA-4856-B71D-8D8BDE519129}.Debug|Any CPU.Build.0 = Debug|Any CPU
		{58B79EF1-93AA-4856-B71D-8D8BDE519129}.Release|Any CPU.ActiveCfg = Release|Any CPU
		{58B79EF1-93AA-4856-B71D-8D8BDE519129}.Release|Any CPU.Build.0 = Release|Any CPU
		{186A9320-91BD-4736-A7D6-E8781D9AE677}.Debug|Any CPU.ActiveCfg = Debug|Any CPU
		{186A9320-91BD-4736-A7D6-E8781D9AE677}.Debug|Any CPU.Build.0 = Debug|Any CPU
		{186A9320-91BD-4736-A7D6-E8781D9AE677}.Release|Any CPU.ActiveCfg = Release|Any CPU
		{186A9320-91BD-4736-A7D6-E8781D9AE677}.Release|Any CPU.Build.0 = Release|Any CPU
		{577A3679-D795-4713-99B9-8D47EA8AFAD8}.Debug|Any CPU.ActiveCfg = Debug|Any CPU
		{577A3679-D795-4713-99B9-8D47EA8AFAD8}.Debug|Any CPU.Build.0 = Debug|Any CPU
		{577A3679-D795-4713-99B9-8D47EA8AFAD8}.Release|Any CPU.ActiveCfg = Release|Any CPU
		{577A3679-D795-4713-99B9-8D47EA8AFAD8}.Release|Any CPU.Build.0 = Release|Any CPU
		{BE00BD89-54F8-46C2-BD55-45BDA289261D}.Debug|Any CPU.ActiveCfg = Debug|Any CPU
		{BE00BD89-54F8-46C2-BD55-45BDA289261D}.Debug|Any CPU.Build.0 = Debug|Any CPU
		{BE00BD89-54F8-46C2-BD55-45BDA289261D}.Release|Any CPU.ActiveCfg = Release|Any CPU
		{BE00BD89-54F8-46C2-BD55-45BDA289261D}.Release|Any CPU.Build.0 = Release|Any CPU
		{2A5AADAE-291C-4721-B799-2366D4155604}.Debug|Any CPU.ActiveCfg = Debug|Any CPU
		{2A5AADAE-291C-4721-B799-2366D4155604}.Debug|Any CPU.Build.0 = Debug|Any CPU
		{2A5AADAE-291C-4721-B799-2366D4155604}.Release|Any CPU.ActiveCfg = Release|Any CPU
		{2A5AADAE-291C-4721-B799-2366D4155604}.Release|Any CPU.Build.0 = Release|Any CPU
	EndGlobalSection
EndGlobal
